
Microsoft Visual Studio Solution File, Format Version 12.00
# Visual Studio Version 17
VisualStudioVersion = 17.6.33815.320
MinimumVisualStudioVersion = 10.0.40219.1
Project("{8BC9CEB8-8B4A-11D0-8D11-00A0C91BC942}") = "P9-3", "P9-3.vcxproj", "{B1147D3D-6A2C-4472-B556-A9B21692F82A}"
EndProject
Global
	GlobalSection(SolutionConfigurationPlatforms) = preSolution
		Debug|x64 = Debug|x64
		Debug|x86 = Debug|x86
		Release|x64 = Release|x64
		Release|x86 = Release|x86
	EndGlobalSection
	GlobalSection(ProjectConfigurationPlatforms) = postSolution
		{B1147D3D-6A2C-4472-B556-A9B21692F82A}.Debug|x64.ActiveCfg = Debug|x64
		{B1147D3D-6A2C-4472-B556-A9B21692F82A}.Debug|x64.Build.0 = Debug|x64
		{B1147D3D-6A2C-4472-B556-A9B21692F82A}.Debug|x86.ActiveCfg = Debug|Win32
		{B1147D3D-6A2C-4472-B556-A9B21692F82A}.Debug|x86.Build.0 = Debug|Win32
		{B1147D3D-6A2C-4472-B556-A9B21692F82A}.Release|x64.ActiveCfg = Release|x64
		{B1147D3D-6A2C-4472-B556-A9B21692F82A}.Release|x64.Build.0 = Release|x64
		{B1147D3D-6A2C-4472-B556-A9B21692F82A}.Release|x86.ActiveCfg = Release|Win32
		{B1147D3D-6A2C-4472-B556-A9B21692F82A}.Release|x86.Build.0 = Release|Win32
	EndGlobalSection
	GlobalSection(SolutionProperties) = preSolution
		HideSolutionNode = FALSE
	EndGlobalSection
	GlobalSection(ExtensibilityGlobals) = postSolution
		SolutionGuid = {ED53BD84-82D7-4DDF-A0C3-5B88B7946AE7}
	EndGlobalSection
EndGlobal
